{
  "version": 4,
  "terraform_version": "0.13.5",
  "serial": 19,
  "lineage": "4e610844-b2cb-5129-da97-7b80fcb2218e",
  "outputs": {},
  "resources": [
    {
      "mode": "managed",
      "type": "newrelic_alert_policy",
      "name": "Mobile-DCS-TF",
      "provider": "provider[\"registry.terraform.io/newrelic/newrelic\"]",
      "instances": [
        {
          "schema_version": 0,
          "attributes": {
            "account_id": 1883088,
            "channel_ids": null,
            "id": "1235779",
            "incident_preference": "PER_POLICY",
            "name": "Mobile-DCS-TF"
          },
          "private": "bnVsbA=="
        }
      ]
    },
    {
      "mode": "managed",
      "type": "newrelic_nrql_alert_condition",
      "name": "ModernAppiOS_98Percentile_ResponseTime",
      "provider": "provider[\"registry.terraform.io/newrelic/newrelic\"]",
      "instances": [
        {
          "schema_version": 0,
          "attributes": {
            "account_id": 1883088,
            "aggregation_window": 60,
            "baseline_direction": null,
            "close_violations_on_expiration": true,
            "critical": [
              {
                "duration": 0,
                "operator": "above",
                "threshold": 5000,
                "threshold_duration": 300,
                "threshold_occurrences": "all",
                "time_function": ""
              }
            ],
            "description": "This is alert conditionn for 98th % response time of mBanking iOS",
            "enabled": false,
            "expected_groups": null,
            "expiration_duration": 120,
            "fill_option": "static",
            "fill_value": 1,
            "id": "1235779:18085817",
            "ignore_overlap": null,
            "name": "ModernApp-iOS 98% Response Time",
            "nrql": [
              {
                "evaluation_offset": 3,
                "query": "SELECT percentile(responseTime, 98)*1000 as '98 percentile (ms)' from MobileRequest WHERE appName='ModernApp-iOS' ",
                "since_value": ""
              }
            ],
            "open_violation_on_expiration": true,
            "open_violation_on_group_overlap": null,
            "policy_id": 1235779,
            "runbook_url": "https://www.example.com",
            "term": [],
            "type": "static",
            "value_function": "SINGLE_VALUE",
            "violation_time_limit": null,
            "violation_time_limit_seconds": 3600,
            "warning": [
              {
                "duration": 0,
                "operator": "above",
                "threshold": 3000,
                "threshold_duration": 600,
                "threshold_occurrences": "all",
                "time_function": ""
              }
            ]
          },
          "private": "bnVsbA==",
          "dependencies": [
            "newrelic_alert_policy.Mobile-DCS-TF"
          ]
        }
      ]
    }
  ]
}
